
Microsoft Visual Studio Solution File, Format Version 12.00
# Visual Studio Version 17
VisualStudioVersion = 17.7.34031.279
MinimumVisualStudioVersion = 10.0.40219.1
Project("{FAE04EC0-301F-11D3-BF4B-00C04F79EFBC}") = "ConditionalStatements", "ConditionalStatements\ConditionalStatements.csproj", "{E33E9DBF-2C65-4342-8647-421FFCDCFABE}"
EndProject
Global
	GlobalSection(SolutionConfigurationPlatforms) = preSolution
		Debug|Any CPU = Debug|Any CPU
		Release|Any CPU = Release|Any CPU
	EndGlobalSection
	GlobalSection(ProjectConfigurationPlatforms) = postSolution
		{E33E9DBF-2C65-4342-8647-421FFCDCFABE}.Debug|Any CPU.ActiveCfg = Debug|Any CPU
		{E33E9DBF-2C65-4342-8647-421FFCDCFABE}.Debug|Any CPU.Build.0 = Debug|Any CPU
		{E33E9DBF-2C65-4342-8647-421FFCDCFABE}.Release|Any CPU.ActiveCfg = Release|Any CPU
		{E33E9DBF-2C65-4342-8647-421FFCDCFABE}.Release|Any CPU.Build.0 = Release|Any CPU
	EndGlobalSection
	GlobalSection(SolutionProperties) = preSolution
		HideSolutionNode = FALSE
	EndGlobalSection
	GlobalSection(ExtensibilityGlobals) = postSolution
		SolutionGuid = {DCAD5459-044B-4892-9710-F068EEB46FD0}
	EndGlobalSection
EndGlobal
